
Microsoft Visual Studio Solution File, Format Version 12.00
# Visual Studio Version 16
VisualStudioVersion = 16.0.29102.190
MinimumVisualStudioVersion = 10.0.40219.1
Project("{FAE04EC0-301F-11D3-BF4B-00C04F79EFBC}") = "FitnessApp.BL", "FitnessApp.BL\FitnessApp.BL.csproj", "{9B7CD628-192C-49F8-A88B-D0BD295535F9}"
EndProject
Project("{FAE04EC0-301F-11D3-BF4B-00C04F79EFBC}") = "FitnessApp.Cmd", "FitnessApp.Cmd\FitnessApp.Cmd.csproj", "{855B4777-0EEC-40F2-9C4A-CDA0B04BF6A3}"
EndProject
Global
	GlobalSection(SolutionConfigurationPlatforms) = preSolution
		Debug|Any CPU = Debug|Any CPU
		Release|Any CPU = Release|Any CPU
	EndGlobalSection
	GlobalSection(ProjectConfigurationPlatforms) = postSolution
		{9B7CD628-192C-49F8-A88B-D0BD295535F9}.Debug|Any CPU.ActiveCfg = Debug|Any CPU
		{9B7CD628-192C-49F8-A88B-D0BD295535F9}.Debug|Any CPU.Build.0 = Debug|Any CPU
		{9B7CD628-192C-49F8-A88B-D0BD295535F9}.Release|Any CPU.ActiveCfg = Release|Any CPU
		{9B7CD628-192C-49F8-A88B-D0BD295535F9}.Release|Any CPU.Build.0 = Release|Any CPU
		{855B4777-0EEC-40F2-9C4A-CDA0B04BF6A3}.Debug|Any CPU.ActiveCfg = Debug|Any CPU
		{855B4777-0EEC-40F2-9C4A-CDA0B04BF6A3}.Debug|Any CPU.Build.0 = Debug|Any CPU
		{855B4777-0EEC-40F2-9C4A-CDA0B04BF6A3}.Release|Any CPU.ActiveCfg = Release|Any CPU
		{855B4777-0EEC-40F2-9C4A-CDA0B04BF6A3}.Release|Any CPU.Build.0 = Release|Any CPU
	EndGlobalSection
	GlobalSection(SolutionProperties) = preSolution
		HideSolutionNode = FALSE
	EndGlobalSection
	GlobalSection(ExtensibilityGlobals) = postSolution
		SolutionGuid = {0E63756F-05D9-46E8-947E-F64D1BC490DA}
	EndGlobalSection
EndGlobal
